// !$*UTF8*$!
{
	archiveVersion = 1;
	classes = {
	};
	objectVersion = 46;
	objects = {

/* Begin PBXBuildFile section */
		A52334751BB8806900CA2D6C /* main.m in Sources */ = {isa = PBXBuildFile; fileRef = A52334741BB8806900CA2D6C /* main.m */; };
		A523347D1BB880A600CA2D6C /* NSArray+RDArray.m in Sources */ = {isa = PBXBuildFile; fileRef = A523347C1BB880A600CA2D6C /* NSArray+RDArray.m */; };
		A52334801BCB131600CA2D6C /* NSString+RDString.m in Sources */ = {isa = PBXBuildFile; fileRef = A523347F1BCB131600CA2D6C /* NSString+RDString.m */; };
		A52334831BCDD6E800CA2D6C /* LinkedListNode.m in Sources */ = {isa = PBXBuildFile; fileRef = A52334821BCDD6E800CA2D6C /* LinkedListNode.m */; };
		A52334891BCDD8BA00CA2D6C /* LinkedList.m in Sources */ = {isa = PBXBuildFile; fileRef = A52334881BCDD8BA00CA2D6C /* LinkedList.m */; };
		A58B3F951BCFE3BF00CF8BF6 /* Stack.m in Sources */ = {isa = PBXBuildFile; fileRef = A58B3F941BCFE3BF00CF8BF6 /* Stack.m */; };
/* End PBXBuildFile section */

/* Begin PBXCopyFilesBuildPhase section */
		A523346F1BB8806900CA2D6C /* CopyFiles */ = {
			isa = PBXCopyFilesBuildPhase;
			buildActionMask = 2147483647;
			dstPath = /usr/share/man/man1/;
			dstSubfolderSpec = 0;
			files = (
			);
			runOnlyForDeploymentPostprocessing = 1;
		};
/* End PBXCopyFilesBuildPhase section */

/* Begin PBXFileReference section */
		A52334711BB8806900CA2D6C /* AlgorithmsObjectiveC */ = {isa = PBXFileReference; explicitFileType = "compiled.mach-o.executable"; includeInIndex = 0; path = AlgorithmsObjectiveC; sourceTree = BUILT_PRODUCTS_DIR; };
		A52334741BB8806900CA2D6C /* main.m */ = {isa = PBXFileReference; lastKnownFileType = sourcecode.c.objc; path = main.m; sourceTree = "<group>"; };
		A523347B1BB880A600CA2D6C /* NSArray+RDArray.h */ = {isa = PBXFileReference; fileEncoding = 4; lastKnownFileType = sourcecode.c.h; path = "NSArray+RDArray.h"; sourceTree = "<group>"; };
		A523347C1BB880A600CA2D6C /* NSArray+RDArray.m */ = {isa = PBXFileReference; fileEncoding = 4; lastKnownFileType = sourcecode.c.objc; path = "NSArray+RDArray.m"; sourceTree = "<group>"; };
		A523347E1BCB131600CA2D6C /* NSString+RDString.h */ = {isa = PBXFileReference; fileEncoding = 4; lastKnownFileType = sourcecode.c.h; path = "NSString+RDString.h"; sourceTree = "<group>"; };
		A523347F1BCB131600CA2D6C /* NSString+RDString.m */ = {isa = PBXFileReference; fileEncoding = 4; lastKnownFileType = sourcecode.c.objc; path = "NSString+RDString.m"; sourceTree = "<group>"; };
		A52334811BCDD6E800CA2D6C /* LinkedListNode.h */ = {isa = PBXFileReference; fileEncoding = 4; lastKnownFileType = sourcecode.c.h; name = LinkedListNode.h; path = AlgorithmsObjectiveC/LinkedListNode.h; sourceTree = "<group>"; };
		A52334821BCDD6E800CA2D6C /* LinkedListNode.m */ = {isa = PBXFileReference; fileEncoding = 4; lastKnownFileType = sourcecode.c.objc; name = LinkedListNode.m; path = AlgorithmsObjectiveC/LinkedListNode.m; sourceTree = "<group>"; };
		A52334871BCDD8BA00CA2D6C /* LinkedList.h */ = {isa = PBXFileReference; fileEncoding = 4; lastKnownFileType = sourcecode.c.h; path = LinkedList.h; sourceTree = "<group>"; };
		A52334881BCDD8BA00CA2D6C /* LinkedList.m */ = {isa = PBXFileReference; fileEncoding = 4; lastKnownFileType = sourcecode.c.objc; path = LinkedList.m; sourceTree = "<group>"; };
		A58B3F931BCFE3BF00CF8BF6 /* Stack.h */ = {isa = PBXFileReference; fileEncoding = 4; lastKnownFileType = sourcecode.c.h; path = Stack.h; sourceTree = "<group>"; };
		A58B3F941BCFE3BF00CF8BF6 /* Stack.m */ = {isa = PBXFileReference; fileEncoding = 4; lastKnownFileType = sourcecode.c.objc; path = Stack.m; sourceTree = "<group>"; };
/* End PBXFileReference section */

/* Begin PBXFrameworksBuildPhase section */
		A523346E1BB8806900CA2D6C /* Frameworks */ = {
			isa = PBXFrameworksBuildPhase;
			buildActionMask = 2147483647;
			files = (
			);
			runOnlyForDeploymentPostprocessing = 0;
		};
/* End PBXFrameworksBuildPhase section */

/* Begin PBXGroup section */
		A52334681BB8806800CA2D6C = {
			isa = PBXGroup;
			children = (
				A52334731BB8806900CA2D6C /* AlgorithmsObjectiveC */,
				A52334721BB8806900CA2D6C /* Products */,
			);
			sourceTree = "<group>";
		};
		A52334721BB8806900CA2D6C /* Products */ = {
			isa = PBXGroup;
			children = (
				A52334711BB8806900CA2D6C /* AlgorithmsObjectiveC */,
			);
			name = Products;
			sourceTree = "<group>";
		};
		A52334731BB8806900CA2D6C /* AlgorithmsObjectiveC */ = {
			isa = PBXGroup;
			children = (
				A58B3F921BCFE39F00CF8BF6 /* Stack */,
				A52334861BCDD74300CA2D6C /* LinkedList */,
				A52334741BB8806900CA2D6C /* main.m */,
				A523347E1BCB131600CA2D6C /* NSString+RDString.h */,
				A523347F1BCB131600CA2D6C /* NSString+RDString.m */,
				A523347B1BB880A600CA2D6C /* NSArray+RDArray.h */,
				A523347C1BB880A600CA2D6C /* NSArray+RDArray.m */,
			);
			path = AlgorithmsObjectiveC;
			sourceTree = "<group>";
		};
		A52334861BCDD74300CA2D6C /* LinkedList */ = {
			isa = PBXGroup;
			children = (
				A52334811BCDD6E800CA2D6C /* LinkedListNode.h */,
				A52334821BCDD6E800CA2D6C /* LinkedListNode.m */,
				A52334871BCDD8BA00CA2D6C /* LinkedList.h */,
				A52334881BCDD8BA00CA2D6C /* LinkedList.m */,
			);
			name = LinkedList;
			path = ..;
			sourceTree = "<group>";
		};
		A58B3F921BCFE39F00CF8BF6 /* Stack */ = {
			isa = PBXGroup;
			children = (
				A58B3F931BCFE3BF00CF8BF6 /* Stack.h */,
				A58B3F941BCFE3BF00CF8BF6 /* Stack.m */,
			);
			name = Stack;
			sourceTree = "<group>";
		};
/* End PBXGroup section */

/* Begin PBXNativeTarget section */
		A52334701BB8806900CA2D6C /* AlgorithmsObjectiveC */ = {
			isa = PBXNativeTarget;
			buildConfigurationList = A52334781BB8806900CA2D6C /* Build configuration list for PBXNativeTarget "AlgorithmsObjectiveC" */;
			buildPhases = (
				A523346D1BB8806900CA2D6C /* Sources */,
				A523346E1BB8806900CA2D6C /* Frameworks */,
				A523346F1BB8806900CA2D6C /* CopyFiles */,
			);
			buildRules = (
			);
			dependencies = (
			);
			name = AlgorithmsObjectiveC;
			productName = AlgorithmsObjectiveC;
			productReference = A52334711BB8806900CA2D6C /* AlgorithmsObjectiveC */;
			productType = "com.apple.product-type.tool";
		};
/* End PBXNativeTarget section */

/* Begin PBXProject section */
		A52334691BB8806800CA2D6C /* Project object */ = {
			isa = PBXProject;
			attributes = {
				LastUpgradeCheck = 0640;
				ORGANIZATIONNAME = Richa;
				TargetAttributes = {
					A52334701BB8806900CA2D6C = {
						CreatedOnToolsVersion = 6.4;
					};
				};
			};
			buildConfigurationList = A523346C1BB8806800CA2D6C /* Build configuration list for PBXProject "AlgorithmsObjectiveC" */;
			compatibilityVersion = "Xcode 3.2";
			developmentRegion = English;
			hasScannedForEncodings = 0;
			knownRegions = (
				en,
			);
			mainGroup = A52334681BB8806800CA2D6C;
			productRefGroup = A52334721BB8806900CA2D6C /* Products */;
			projectDirPath = "";
			projectRoot = "";
			targets = (
				A52334701BB8806900CA2D6C /* AlgorithmsObjectiveC */,
			);
		};
/* End PBXProject section */

/* Begin PBXSourcesBuildPhase section */
		A523346D1BB8806900CA2D6C /* Sources */ = {
			isa = PBXSourcesBuildPhase;
			buildActionMask = 2147483647;
			files = (
				A58B3F951BCFE3BF00CF8BF6 /* Stack.m in Sources */,
				A52334831BCDD6E800CA2D6C /* LinkedListNode.m in Sources */,
				A523347D1BB880A600CA2D6C /* NSArray+RDArray.m in Sources */,
				A52334751BB8806900CA2D6C /* main.m in Sources */,
				A52334891BCDD8BA00CA2D6C /* LinkedList.m in Sources */,
				A52334801BCB131600CA2D6C /* NSString+RDString.m in Sources */,
			);
			runOnlyForDeploymentPostprocessing = 0;
		};
/* End PBXSourcesBuildPhase section */

/* Begin XCBuildConfiguration section */
		A52334761BB8806900CA2D6C /* Debug */ = {
			isa = XCBuildConfiguration;
			buildSettings = {
				ALWAYS_SEARCH_USER_PATHS = NO;
				CLANG_CXX_LANGUAGE_STANDARD = "gnu++0x";
				CLANG_CXX_LIBRARY = "libc++";
				CLANG_ENABLE_MODULES = YES;
				CLANG_ENABLE_OBJC_ARC = YES;
				CLANG_WARN_BOOL_CONVERSION = YES;
				CLANG_WARN_CONSTANT_CONVERSION = YES;
				CLANG_WARN_DIRECT_OBJC_ISA_USAGE = YES_ERROR;
				CLANG_WARN_EMPTY_BODY = YES;
				CLANG_WARN_ENUM_CONVERSION = YES;
				CLANG_WARN_INT_CONVERSION = YES;
				CLANG_WARN_OBJC_ROOT_CLASS = YES_ERROR;
				CLANG_WARN_UNREACHABLE_CODE = YES;
				CLANG_WARN__DUPLICATE_METHOD_MATCH = YES;
				COPY_PHASE_STRIP = NO;
				DEBUG_INFORMATION_FORMAT = dwarf;
				ENABLE_STRICT_OBJC_MSGSEND = YES;
				GCC_C_LANGUAGE_STANDARD = gnu99;
				GCC_DYNAMIC_NO_PIC = NO;
				GCC_NO_COMMON_BLOCKS = YES;
				GCC_OPTIMIZATION_LEVEL = 0;
				GCC_PREPROCESSOR_DEFINITIONS = (
					"DEBUG=1",
					"$(inherited)",
				);
				GCC_SYMBOLS_PRIVATE_EXTERN = NO;
				GCC_WARN_64_TO_32_BIT_CONVERSION = YES;
				GCC_WARN_ABOUT_RETURN_TYPE = YES_ERROR;
				GCC_WARN_UNDECLARED_SELECTOR = YES;
				GCC_WARN_UNINITIALIZED_AUTOS = YES_AGGRESSIVE;
				GCC_WARN_UNUSED_FUNCTION = YES;
				GCC_WARN_UNUSED_VARIABLE = YES;
				MACOSX_DEPLOYMENT_TARGET = 10.10;
				MTL_ENABLE_DEBUG_INFO = YES;
				ONLY_ACTIVE_ARCH = YES;
				SDKROOT = macosx;
			};
			name = Debug;
		};
		A52334771BB8806900CA2D6C /* Release */ = {
			isa = XCBuildConfiguration;
			buildSettings = {
				ALWAYS_SEARCH_USER_PATHS = NO;
				CLANG_CXX_LANGUAGE_STANDARD = "gnu++0x";
				CLANG_CXX_LIBRARY = "libc++";
				CLANG_ENABLE_MODULES = YES;
				CLANG_ENABLE_OBJC_ARC = YES;
				CLANG_WARN_BOOL_CONVERSION = YES;
				CLANG_WARN_CONSTANT_CONVERSION = YES;
				CLANG_WARN_DIRECT_OBJC_ISA_USAGE = YES_ERROR;
				CLANG_WARN_EMPTY_BODY = YES;
				CLANG_WARN_ENUM_CONVERSION = YES;
				CLANG_WARN_INT_CONVERSION = YES;
				CLANG_WARN_OBJC_ROOT_CLASS = YES_ERROR;
				CLANG_WARN_UNREACHABLE_CODE = YES;
				CLANG_WARN__DUPLICATE_METHOD_MATCH = YES;
				COPY_PHASE_STRIP = NO;
				DEBUG_INFORMATION_FORMAT = "dwarf-with-dsym";
				ENABLE_NS_ASSERTIONS = NO;
				ENABLE_STRICT_OBJC_MSGSEND = YES;
				GCC_C_LANGUAGE_STANDARD = gnu99;
				GCC_NO_COMMON_BLOCKS = YES;
				GCC_WARN_64_TO_32_BIT_CONVERSION = YES;
				GCC_WARN_ABOUT_RETURN_TYPE = YES_ERROR;
				GCC_WARN_UNDECLARED_SELECTOR = YES;
				GCC_WARN_UNINITIALIZED_AUTOS = YES_AGGRESSIVE;
				GCC_WARN_UNUSED_FUNCTION = YES;
				GCC_WARN_UNUSED_VARIABLE = YES;
				MACOSX_DEPLOYMENT_TARGET = 10.10;
				MTL_ENABLE_DEBUG_INFO = NO;
				SDKROOT = macosx;
			};
			name = Release;
		};
		A52334791BB8806900CA2D6C /* Debug */ = {
			isa = XCBuildConfiguration;
			buildSettings = {
				PRODUCT_NAME = "$(TARGET_NAME)";
			};
			name = Debug;
		};
		A523347A1BB8806900CA2D6C /* Release */ = {
			isa = XCBuildConfiguration;
			buildSettings = {
				PRODUCT_NAME = "$(TARGET_NAME)";
			};
			name = Release;
		};
/* End XCBuildConfiguration section */

/* Begin XCConfigurationList section */
		A523346C1BB8806800CA2D6C /* Build configuration list for PBXProject "AlgorithmsObjectiveC" */ = {
			isa = XCConfigurationList;
			buildConfigurations = (
				A52334761BB8806900CA2D6C /* Debug */,
				A52334771BB8806900CA2D6C /* Release */,
			);
			defaultConfigurationIsVisible = 0;
			defaultConfigurationName = Release;
		};
		A52334781BB8806900CA2D6C /* Build configuration list for PBXNativeTarget "AlgorithmsObjectiveC" */ = {
			isa = XCConfigurationList;
			buildConfigurations = (
				A52334791BB8806900CA2D6C /* Debug */,
				A523347A1BB8806900CA2D6C /* Release */,
			);
			defaultConfigurationIsVisible = 0;
			defaultConfigurationName = Release;
		};
/* End XCConfigurationList section */
	};
	rootObject = A52334691BB8806800CA2D6C /* Project object */;
}
